
Microsoft Visual Studio Solution File, Format Version 12.00
# Visual Studio Version 17
VisualStudioVersion = 17.5.33516.290
MinimumVisualStudioVersion = 10.0.40219.1
Project("{9A19103F-16F7-4668-BE54-9A1E7A4F7556}") = "Modul_2_part_1", "Modul_2_part_1\Modul_2_part_1.csproj", "{68F7A8ED-5572-40D1-B03D-D56B72341F81}"
EndProject
Project("{FAE04EC0-301F-11D3-BF4B-00C04F79EFBC}") = "part_2_Client", "part_2_Client\part_2_Client.csproj", "{F02A73FD-C4EC-4F7E-BBBC-34ABE90A3DA3}"
EndProject
Project("{FAE04EC0-301F-11D3-BF4B-00C04F79EFBC}") = "modul_3", "modul_3\modul_3.csproj", "{890F5B49-710F-4D02-8C8A-B07E181BCE60}"
EndProject
Global
	GlobalSection(SolutionConfigurationPlatforms) = preSolution
		Debug|Any CPU = Debug|Any CPU
		Release|Any CPU = Release|Any CPU
	EndGlobalSection
	GlobalSection(ProjectConfigurationPlatforms) = postSolution
		{68F7A8ED-5572-40D1-B03D-D56B72341F81}.Debug|Any CPU.ActiveCfg = Debug|Any CPU
		{68F7A8ED-5572-40D1-B03D-D56B72341F81}.Debug|Any CPU.Build.0 = Debug|Any CPU
		{68F7A8ED-5572-40D1-B03D-D56B72341F81}.Release|Any CPU.ActiveCfg = Release|Any CPU
		{68F7A8ED-5572-40D1-B03D-D56B72341F81}.Release|Any CPU.Build.0 = Release|Any CPU
		{F02A73FD-C4EC-4F7E-BBBC-34ABE90A3DA3}.Debug|Any CPU.ActiveCfg = Debug|Any CPU
		{F02A73FD-C4EC-4F7E-BBBC-34ABE90A3DA3}.Debug|Any CPU.Build.0 = Debug|Any CPU
		{F02A73FD-C4EC-4F7E-BBBC-34ABE90A3DA3}.Release|Any CPU.ActiveCfg = Release|Any CPU
		{F02A73FD-C4EC-4F7E-BBBC-34ABE90A3DA3}.Release|Any CPU.Build.0 = Release|Any CPU
		{890F5B49-710F-4D02-8C8A-B07E181BCE60}.Debug|Any CPU.ActiveCfg = Debug|Any CPU
		{890F5B49-710F-4D02-8C8A-B07E181BCE60}.Debug|Any CPU.Build.0 = Debug|Any CPU
		{890F5B49-710F-4D02-8C8A-B07E181BCE60}.Release|Any CPU.ActiveCfg = Release|Any CPU
		{890F5B49-710F-4D02-8C8A-B07E181BCE60}.Release|Any CPU.Build.0 = Release|Any CPU
	EndGlobalSection
	GlobalSection(SolutionProperties) = preSolution
		HideSolutionNode = FALSE
	EndGlobalSection
	GlobalSection(ExtensibilityGlobals) = postSolution
		SolutionGuid = {201CCDC7-C0EB-4F07-843F-DD4C99A8C553}
	EndGlobalSection
EndGlobal
